[[package]]
name = "aenum"
version = "3.1.11"
description = "Advanced Enumerations (compatible with Python's stdlib Enum), NamedTuples, and NamedConstants"
category = "main"
optional = false
python-versions = "*"

[[package]]
name = "aiohttp"
version = "3.8.1"
description = "Async http client/server framework (asyncio)"
category = "main"
optional = false
python-versions = ">=3.6"

[package.dependencies]
aiosignal = ">=1.1.2"
async-timeout = ">=4.0.0a3,<5.0"
attrs = ">=17.3.0"
charset-normalizer = ">=2.0,<3.0"
frozenlist = ">=1.1.1"
multidict = ">=4.5,<7.0"
yarl = ">=1.0,<2.0"

[package.extras]
speedups = ["aiodns", "brotli", "cchardet"]

[[package]]
name = "aiosignal"
version = "1.2.0"
description = "aiosignal: a list of registered asynchronous callbacks"
category = "main"
optional = false
python-versions = ">=3.6"

[package.dependencies]
frozenlist = ">=1.1.0"

[[package]]
name = "asn1crypto"
version = "1.5.1"
description = "Fast ASN.1 parser and serializer with definitions for private keys, public keys, certificates, CRL, OCSP, CMS, PKCS#3, PKCS#7, PKCS#8, PKCS#12, PKCS#5, X.509 and TSP"
category = "main"
optional = false
python-versions = "*"

[[package]]
name = "async-timeout"
version = "4.0.2"
description = "Timeout context manager for asyncio programs"
category = "main"
optional = false
python-versions = ">=3.6"

[[package]]
name = "attrs"
version = "22.1.0"
description = "Classes Without Boilerplate"
category = "main"
optional = false
python-versions = ">=3.5"

[package.extras]
dev = ["coverage[toml] (>=5.0.2)", "hypothesis", "pympler", "pytest (>=4.3.0)", "mypy (>=0.900,!=0.940)", "pytest-mypy-plugins", "zope.interface", "furo", "sphinx", "sphinx-notfound-page", "pre-commit", "cloudpickle"]
docs = ["furo", "sphinx", "zope.interface", "sphinx-notfound-page"]
tests = ["coverage[toml] (>=5.0.2)", "hypothesis", "pympler", "pytest (>=4.3.0)", "mypy (>=0.900,!=0.940)", "pytest-mypy-plugins", "zope.interface", "cloudpickle"]
tests_no_zope = ["coverage[toml] (>=5.0.2)", "hypothesis", "pympler", "pytest (>=4.3.0)", "mypy (>=0.900,!=0.940)", "pytest-mypy-plugins", "cloudpickle"]

[[package]]
name = "awswrangler"
version = "2.17.0"
description = "Pandas on AWS."
category = "main"
optional = false
python-versions = ">=3.7.1,<3.11"

[package.dependencies]
backoff = ">=1.11.1,<3.0.0"
boto3 = ">=1.24.11,<2.0.0"
botocore = ">=1.27.11,<2.0.0"
gremlinpython = ">=3.5.2,<4.0.0"
jsonpath-ng = ">=1.5.3,<2.0.0"
numpy = ">=1.21.0,<2.0.0"
openpyxl = ">=3.0.0,<3.1.0"
opensearch-py = ">=1,<3"
pandas = ">=1.2.0,<2.0.0"
pg8000 = ">=1.20.0,<2.0.0"
progressbar2 = ">=4.0.0,<5.0.0"
pyarrow = ">=2.0.0,<8.1.0"
pymysql = ">=1.0.0,<2.0.0"
redshift-connector = ">=2.0.889,<2.1.0"
requests-aws4auth = ">=1.1.1,<2.0.0"

[package.extras]
sparql = ["SPARQLWrapper (>=1.8.5,<3.0.0)"]
sqlserver = ["pyodbc (>=4.0.32,<4.1.0)"]
oracle = ["oracledb (>=1.0.0,<1.1.0)"]

[[package]]
name = "backoff"
version = "2.1.2"
description = "Function decoration for backoff and retry"
category = "main"
optional = false
python-versions = ">=3.7,<4.0"

[[package]]
name = "beautifulsoup4"
version = "4.11.1"
description = "Screen-scraping library"
category = "main"
optional = false
python-versions = ">=3.6.0"

[package.dependencies]
soupsieve = ">1.2"

[package.extras]
html5lib = ["html5lib"]
lxml = ["lxml"]

[[package]]
name = "boto3"
version = "1.24.78"
description = "The AWS SDK for Python"
category = "main"
optional = false
python-versions = ">= 3.7"

[package.dependencies]
botocore = ">=1.27.78,<1.28.0"
jmespath = ">=0.7.1,<2.0.0"
s3transfer = ">=0.6.0,<0.7.0"

[package.extras]
crt = ["botocore[crt] (>=1.21.0,<2.0a0)"]

[[package]]
name = "botocore"
version = "1.27.78"
description = "Low-level, data-driven core of boto 3."
category = "main"
optional = false
python-versions = ">= 3.7"

[package.dependencies]
jmespath = ">=0.7.1,<2.0.0"
python-dateutil = ">=2.1,<3.0.0"
urllib3 = ">=1.25.4,<1.27"

[package.extras]
crt = ["awscrt (==0.14.0)"]

[[package]]
name = "certifi"
version = "2022.9.14"
description = "Python package for providing Mozilla's CA Bundle."
category = "main"
optional = false
python-versions = ">=3.6"

[[package]]
name = "charset-normalizer"
version = "2.0.12"
description = "The Real First Universal Charset Detector. Open, modern and actively maintained alternative to Chardet."
category = "main"
optional = false
python-versions = ">=3.5.0"

[package.extras]
unicode_backport = ["unicodedata2"]

[[package]]
name = "decorator"
version = "5.1.1"
description = "Decorators for Humans"
category = "main"
optional = false
python-versions = ">=3.5"

[[package]]
name = "et-xmlfile"
version = "1.1.0"
description = "An implementation of lxml.xmlfile for the standard library"
category = "main"
optional = false
python-versions = ">=3.6"

[[package]]
name = "frozenlist"
version = "1.3.1"
description = "A list-like structure which implements collections.abc.MutableSequence"
category = "main"
optional = false
python-versions = ">=3.7"

[[package]]
name = "gremlinpython"
version = "3.6.1"
description = "Gremlin-Python for Apache TinkerPop"
category = "main"
optional = false
python-versions = "*"

[package.dependencies]
aenum = ">=1.4.5,<4.0.0"
aiohttp = ">=3.8.0,<=3.8.1"
isodate = ">=0.6.0,<1.0.0"
nest-asyncio = "*"

[package.extras]
kerberos = ["kerberos (>=1.3.0,<2.0.0)"]
ujson = ["ujson (>=2.0.0)"]

[[package]]
name = "idna"
version = "3.4"
description = "Internationalized Domain Names in Applications (IDNA)"
category = "main"
optional = false
python-versions = ">=3.5"

[[package]]
name = "isodate"
version = "0.6.1"
description = "An ISO 8601 date/time/duration parser and formatter"
category = "main"
optional = false
python-versions = "*"

[package.dependencies]
six = "*"

[[package]]
name = "jmespath"
version = "1.0.1"
description = "JSON Matching Expressions"
category = "main"
optional = false
python-versions = ">=3.7"

[[package]]
name = "jsonpath-ng"
version = "1.5.3"
description = "A final implementation of JSONPath for Python that aims to be standard compliant, including arithmetic and binary comparison operators and providing clear AST for metaprogramming."
category = "main"
optional = false
python-versions = "*"

[package.dependencies]
decorator = "*"
ply = "*"
six = "*"

[[package]]
name = "lxml"
version = "4.9.1"
description = "Powerful and Pythonic XML processing library combining libxml2/libxslt with the ElementTree API."
category = "main"
optional = false
python-versions = ">=2.7, !=3.0.*, !=3.1.*, !=3.2.*, !=3.3.*, != 3.4.*"

[package.extras]
cssselect = ["cssselect (>=0.7)"]
html5 = ["html5lib"]
htmlsoup = ["beautifulsoup4"]
source = ["Cython (>=0.29.7)"]

[[package]]
name = "multidict"
version = "6.0.2"
description = "multidict implementation"
category = "main"
optional = false
python-versions = ">=3.7"

[[package]]
name = "nest-asyncio"
version = "1.5.5"
description = "Patch asyncio to allow nested event loops"
category = "main"
optional = false
python-versions = ">=3.5"

[[package]]
name = "numpy"
version = "1.23.3"
description = "NumPy is the fundamental package for array computing with Python."
category = "main"
optional = false
python-versions = ">=3.8"

[[package]]
name = "openpyxl"
version = "3.0.10"
description = "A Python library to read/write Excel 2010 xlsx/xlsm files"
category = "main"
optional = false
python-versions = ">=3.6"

[package.dependencies]
et-xmlfile = "*"

[[package]]
name = "opensearch-py"
version = "2.0.0"
description = "Python low-level client for OpenSearch"
category = "main"
optional = false
python-versions = ">=2.7, !=3.0.*, !=3.1.*, !=3.2.*, !=3.3.*, <4"

[package.dependencies]
certifi = "*"
requests = ">=2.4.0,<3.0.0"
urllib3 = ">=1.21.1,<2"

[package.extras]
docs = ["sphinx-copybutton", "myst-parser", "sphinx-rtd-theme", "sphinx"]
develop = ["botocore", "jinja2", "black", "sphinx-copybutton", "myst-parser", "sphinx-rtd-theme", "sphinx", "pytest-cov", "pytest", "pyyaml", "mock", "coverage", "requests (>=2.0.0,<3.0.0)"]
async = ["aiohttp (>=3,<4)"]

[[package]]
name = "packaging"
version = "21.3"
description = "Core utilities for Python packages"
category = "main"
optional = false
python-versions = ">=3.6"

[package.dependencies]
pyparsing = ">=2.0.2,<3.0.5 || >3.0.5"

[[package]]
name = "pandas"
version = "1.5.0"
description = "Powerful data structures for data analysis, time series, and statistics"
category = "main"
optional = false
python-versions = ">=3.8"

[package.dependencies]
numpy = [
    {version = ">=1.21.0", markers = "python_version >= \"3.10\""},
    {version = ">=1.20.3", markers = "python_version < \"3.10\""},
]
python-dateutil = ">=2.8.1"
pytz = ">=2020.1"

[package.extras]
test = ["pytest-xdist (>=1.31)", "pytest (>=6.0)", "hypothesis (>=5.5.3)"]

[[package]]
name = "pg8000"
version = "1.29.1"
description = "PostgreSQL interface library"
category = "main"
optional = false
python-versions = ">=3.7"

[package.dependencies]
scramp = ">=1.4.1"

[[package]]
name = "ply"
version = "3.11"
description = "Python Lex & Yacc"
category = "main"
optional = false
python-versions = "*"

[[package]]
name = "progressbar2"
version = "4.0.0"
description = "A Python Progressbar library to provide visual (yet text based) progress to long running operations."
category = "main"
optional = false
python-versions = ">=3.7.0"

[package.dependencies]
python-utils = ">=3.0.0"

[package.extras]
docs = ["sphinx (>=1.8.5)"]
tests = ["flake8 (>=3.7.7)", "pytest (>=4.6.9)", "pytest-cov (>=2.6.1)", "pytest-mypy", "freezegun (>=0.3.11)", "sphinx (>=1.8.5)"]

[[package]]
name = "pyarrow"
version = "8.0.0"
description = "Python library for Apache Arrow"
category = "main"
optional = false
python-versions = ">=3.7"

[package.dependencies]
numpy = ">=1.16.6"

[[package]]
name = "pymysql"
version = "1.0.2"
description = "Pure Python MySQL Driver"
category = "main"
optional = false
python-versions = ">=3.6"

[package.extras]
ed25519 = ["PyNaCl (>=1.4.0)"]
rsa = ["cryptography"]

[[package]]
name = "pyparsing"
version = "3.0.9"
description = "pyparsing module - Classes and methods to define and execute parsing grammars"
category = "main"
optional = false
python-versions = ">=3.6.8"

[package.extras]
diagrams = ["railroad-diagrams", "jinja2"]

[[package]]
name = "python-dateutil"
version = "2.8.2"
description = "Extensions to the standard Python datetime module"
category = "main"
optional = false
python-versions = "!=3.0.*,!=3.1.*,!=3.2.*,>=2.7"

[package.dependencies]
six = ">=1.5"

[[package]]
name = "python-utils"
version = "3.3.3"
description = "Python Utils is a module with some convenient utilities not included with the standard Python install"
category = "main"
optional = false
python-versions = ">3.6.0"

[package.extras]
docs = ["mock", "sphinx", "python-utils"]
loguru = ["loguru"]
tests = ["flake8", "pytest", "pytest-cov", "pytest-mypy", "pytest-asyncio", "sphinx", "types-setuptools", "loguru"]

[[package]]
name = "pytz"
version = "2022.1"
description = "World timezone definitions, modern and historical"
category = "main"
optional = false
python-versions = "*"

[[package]]
name = "redshift-connector"
version = "2.0.908"
description = "Redshift interface library"
category = "main"
optional = false
python-versions = ">=3.6"

[package.dependencies]
beautifulsoup4 = ">=4.7.0,<5.0.0"
boto3 = ">=1.9.201,<2.0.0"
botocore = ">=1.12.201,<2.0.0"
lxml = ">=4.6.5"
packaging = "*"
pytz = ">=2020.1,<2022.2"
requests = ">=2.23.0,<2.28.1"
scramp = ">=1.2.0,<1.5.0"

[package.extras]
full = ["numpy", "pandas"]

[[package]]
name = "requests"
version = "2.28.0"
description = "Python HTTP for Humans."
category = "main"
optional = false
python-versions = ">=3.7, <4"

[package.dependencies]
certifi = ">=2017.4.17"
charset-normalizer = ">=2.0.0,<2.1.0"
idna = ">=2.5,<4"
urllib3 = ">=1.21.1,<1.27"

[package.extras]
socks = ["PySocks (>=1.5.6,!=1.5.7)"]
use_chardet_on_py3 = ["chardet (>=3.0.2,<5)"]

[[package]]
name = "requests-aws4auth"
version = "1.1.2"
description = "AWS4 authentication for Requests"
category = "main"
optional = false
python-versions = "*"

[package.dependencies]
requests = "*"
six = "*"

[package.extras]
httpx = ["httpx"]

[[package]]
name = "s3transfer"
version = "0.6.0"
description = "An Amazon S3 Transfer Manager"
category = "main"
optional = false
python-versions = ">= 3.7"

[package.dependencies]
botocore = ">=1.12.36,<2.0a.0"

[package.extras]
crt = ["botocore[crt] (>=1.20.29,<2.0a.0)"]

[[package]]
name = "scramp"
version = "1.4.1"
description = "An implementation of the SCRAM protocol."
category = "main"
optional = false
python-versions = ">=3.6"

[package.dependencies]
asn1crypto = ">=1.4.0"

[[package]]
name = "six"
version = "1.16.0"
description = "Python 2 and 3 compatibility utilities"
category = "main"
optional = false
python-versions = ">=2.7, !=3.0.*, !=3.1.*, !=3.2.*"

[[package]]
name = "soupsieve"
version = "2.3.2.post1"
description = "A modern CSS selector implementation for Beautiful Soup."
category = "main"
optional = false
python-versions = ">=3.6"

[[package]]
name = "urllib3"
version = "1.26.12"
description = "HTTP library with thread-safe connection pooling, file post, and more."
category = "main"
optional = false
python-versions = ">=2.7, !=3.0.*, !=3.1.*, !=3.2.*, !=3.3.*, !=3.4.*, !=3.5.*, <4"

[package.extras]
brotli = ["brotlicffi (>=0.8.0)", "brotli (>=1.0.9)", "brotlipy (>=0.6.0)"]
secure = ["pyOpenSSL (>=0.14)", "cryptography (>=1.3.4)", "idna (>=2.0.0)", "certifi", "urllib3-secure-extra", "ipaddress"]
socks = ["PySocks (>=1.5.6,!=1.5.7,<2.0)"]

[[package]]
name = "yarl"
version = "1.8.1"
description = "Yet another URL library"
category = "main"
optional = false
python-versions = ">=3.7"

[package.dependencies]
idna = ">=2.0"
multidict = ">=4.0"

[metadata]
lock-version = "1.1"
python-versions = ">=3.9,<3.11"
content-hash = "3c1448d6b3acdaf4ef114d3b7779e5715f7d2e463d05a479cdf2ba4609f11eef"

[metadata.files]
aenum = [
    {file = "aenum-3.1.11-py2-none-any.whl", hash = "sha256:525b4870a27d0b471c265bda692bc657f1e0dd7597ad4186d072c59f9db666f6"},
    {file = "aenum-3.1.11-py3-none-any.whl", hash = "sha256:12ae89967f2e25c0ce28c293955d643f891603488bc3d9946158ba2b35203638"},
    {file = "aenum-3.1.11.tar.gz", hash = "sha256:aed2c273547ae72a0d5ee869719c02a643da16bf507c80958faadc7e038e3f73"},
]
aiohttp = [
    {file = "aiohttp-3.8.1-cp310-cp310-macosx_10_9_universal2.whl", hash = "sha256:1ed0b6477896559f17b9eaeb6d38e07f7f9ffe40b9f0f9627ae8b9926ae260a8"},
    {file = "aiohttp-3.8.1-cp310-cp310-macosx_10_9_x86_64.whl", hash = "sha256:7dadf3c307b31e0e61689cbf9e06be7a867c563d5a63ce9dca578f956609abf8"},
    {file = "aiohttp-3.8.1-cp310-cp310-macosx_11_0_arm64.whl", hash = "sha256:a79004bb58748f31ae1cbe9fa891054baaa46fb106c2dc7af9f8e3304dc30316"},
    {file = "aiohttp-3.8.1-cp310-cp310-manylinux_2_17_aarch64.manylinux2014_aarch64.whl", hash = "sha256:12de6add4038df8f72fac606dff775791a60f113a725c960f2bab01d8b8e6b15"},
    {file = "aiohttp-3.8.1-cp310-cp310-manylinux_2_17_ppc64le.manylinux2014_ppc64le.whl", hash = "sha256:6f0d5f33feb5f69ddd57a4a4bd3d56c719a141080b445cbf18f238973c5c9923"},
    {file = "aiohttp-3.8.1-cp310-cp310-manylinux_2_17_s390x.manylinux2014_s390x.whl", hash = "sha256:eaba923151d9deea315be1f3e2b31cc39a6d1d2f682f942905951f4e40200922"},
    {file = "aiohttp-3.8.1-cp310-cp310-manylinux_2_5_i686.manylinux1_i686.manylinux_2_12_i686.manylinux2010_i686.whl", hash = "sha256:099ebd2c37ac74cce10a3527d2b49af80243e2a4fa39e7bce41617fbc35fa3c1"},
    {file = "aiohttp-3.8.1-cp310-cp310-manylinux_2_5_x86_64.manylinux1_x86_64.manylinux_2_12_x86_64.manylinux2010_x86_64.whl", hash = "sha256:2e5d962cf7e1d426aa0e528a7e198658cdc8aa4fe87f781d039ad75dcd52c516"},
    {file = "aiohttp-3.8.1-cp310-cp310-musllinux_1_1_aarch64.whl", hash = "sha256:fa0ffcace9b3aa34d205d8130f7873fcfefcb6a4dd3dd705b0dab69af6712642"},
    {file = "aiohttp-3.8.1-cp310-cp310-musllinux_1_1_i686.whl", hash = "sha256:61bfc23df345d8c9716d03717c2ed5e27374e0fe6f659ea64edcd27b4b044cf7"},
    {file = "aiohttp-3.8.1-cp310-cp310-musllinux_1_1_ppc64le.whl", hash = "sha256:31560d268ff62143e92423ef183680b9829b1b482c011713ae941997921eebc8"},
    {file = "aiohttp-3.8.1-cp310-cp310-musllinux_1_1_s390x.whl", hash = "sha256:01d7bdb774a9acc838e6b8f1d114f45303841b89b95984cbb7d80ea41172a9e3"},
    {file = "aiohttp-3.8.1-cp310-cp310-musllinux_1_1_x86_64.whl", hash = "sha256:97ef77eb6b044134c0b3a96e16abcb05ecce892965a2124c566af0fd60f717e2"},
    {file = "aiohttp-3.8.1-cp310-cp310-win32.whl", hash = "sha256:c2aef4703f1f2ddc6df17519885dbfa3514929149d3ff900b73f45998f2532fa"},
    {file = "aiohttp-3.8.1-cp310-cp310-win_amd64.whl", hash = "sha256:713ac174a629d39b7c6a3aa757b337599798da4c1157114a314e4e391cd28e32"},
    {file = "aiohttp-3.8.1-cp36-cp36m-macosx_10_9_x86_64.whl", hash = "sha256:473d93d4450880fe278696549f2e7aed8cd23708c3c1997981464475f32137db"},
    {file = "aiohttp-3.8.1-cp36-cp36m-manylinux_2_17_aarch64.manylinux2014_aarch64.whl", hash = "sha256:99b5eeae8e019e7aad8af8bb314fb908dd2e028b3cdaad87ec05095394cce632"},
    {file = "aiohttp-3.8.1-cp36-cp36m-manylinux_2_17_ppc64le.manylinux2014_ppc64le.whl", hash = "sha256:3af642b43ce56c24d063325dd2cf20ee012d2b9ba4c3c008755a301aaea720ad"},
    {file = "aiohttp-3.8.1-cp36-cp36m-manylinux_2_17_s390x.manylinux2014_s390x.whl", hash = "sha256:c3630c3ef435c0a7c549ba170a0633a56e92629aeed0e707fec832dee313fb7a"},
    {file = "aiohttp-3.8.1-cp36-cp36m-manylinux_2_5_i686.manylinux1_i686.manylinux_2_12_i686.manylinux2010_i686.whl", hash = "sha256:4a4a4e30bf1edcad13fb0804300557aedd07a92cabc74382fdd0ba6ca2661091"},
    {file = "aiohttp-3.8.1-cp36-cp36m-manylinux_2_5_x86_64.manylinux1_x86_64.manylinux_2_12_x86_64.manylinux2010_x86_64.whl", hash = "sha256:6f8b01295e26c68b3a1b90efb7a89029110d3a4139270b24fda961893216c440"},
    {file = "aiohttp-3.8.1-cp36-cp36m-musllinux_1_1_aarch64.whl", hash = "sha256:a25fa703a527158aaf10dafd956f7d42ac6d30ec80e9a70846253dd13e2f067b"},
    {file = "aiohttp-3.8.1-cp36-cp36m-musllinux_1_1_i686.whl", hash = "sha256:5bfde62d1d2641a1f5173b8c8c2d96ceb4854f54a44c23102e2ccc7e02f003ec"},
    {file = "aiohttp-3.8.1-cp36-cp36m-musllinux_1_1_ppc64le.whl", hash = "sha256:51467000f3647d519272392f484126aa716f747859794ac9924a7aafa86cd411"},
    {file = "aiohttp-3.8.1-cp36-cp36m-musllinux_1_1_s390x.whl", hash = "sha256:03a6d5349c9ee8f79ab3ff3694d6ce1cfc3ced1c9d36200cb8f08ba06bd3b782"},
    {file = "aiohttp-3.8.1-cp36-cp36m-musllinux_1_1_x86_64.whl", hash = "sha256:102e487eeb82afac440581e5d7f8f44560b36cf0bdd11abc51a46c1cd88914d4"},
    {file = "aiohttp-3.8.1-cp36-cp36m-win32.whl", hash = "sha256:4aed991a28ea3ce320dc8ce655875e1e00a11bdd29fe9444dd4f88c30d558602"},
    {file = "aiohttp-3.8.1-cp36-cp36m-win_amd64.whl", hash = "sha256:b0e20cddbd676ab8a64c774fefa0ad787cc506afd844de95da56060348021e96"},
    {file = "aiohttp-3.8.1-cp37-cp37m-macosx_10_9_x86_64.whl", hash = "sha256:37951ad2f4a6df6506750a23f7cbabad24c73c65f23f72e95897bb2cecbae676"},
    {file = "aiohttp-3.8.1-cp37-cp37m-manylinux_2_17_aarch64.manylinux2014_aarch64.whl", hash = "sha256:5c23b1ad869653bc818e972b7a3a79852d0e494e9ab7e1a701a3decc49c20d51"},
    {file = "aiohttp-3.8.1-cp37-cp37m-manylinux_2_17_ppc64le.manylinux2014_ppc64le.whl", hash = "sha256:15b09b06dae900777833fe7fc4b4aa426556ce95847a3e8d7548e2d19e34edb8"},
    {file = "aiohttp-3.8.1-cp37-cp37m-manylinux_2_17_s390x.manylinux2014_s390x.whl", hash = "sha256:477c3ea0ba410b2b56b7efb072c36fa91b1e6fc331761798fa3f28bb224830dd"},
    {file = "aiohttp-3.8.1-cp37-cp37m-manylinux_2_5_i686.manylinux1_i686.manylinux_2_12_i686.manylinux2010_i686.whl", hash = "sha256:2f2f69dca064926e79997f45b2f34e202b320fd3782f17a91941f7eb85502ee2"},
    {file = "aiohttp-3.8.1-cp37-cp37m-manylinux_2_5_x86_64.manylinux1_x86_64.manylinux_2_12_x86_64.manylinux2010_x86_64.whl", hash = "sha256:ef9612483cb35171d51d9173647eed5d0069eaa2ee812793a75373447d487aa4"},
    {file = "aiohttp-3.8.1-cp37-cp37m-musllinux_1_1_aarch64.whl", hash = "sha256:6d69f36d445c45cda7b3b26afef2fc34ef5ac0cdc75584a87ef307ee3c8c6d00"},
    {file = "aiohttp-3.8.1-cp37-cp37m-musllinux_1_1_i686.whl", hash = "sha256:55c3d1072704d27401c92339144d199d9de7b52627f724a949fc7d5fc56d8b93"},
    {file = "aiohttp-3.8.1-cp37-cp37m-musllinux_1_1_ppc64le.whl", hash = "sha256:b9d00268fcb9f66fbcc7cd9fe423741d90c75ee029a1d15c09b22d23253c0a44"},
    {file = "aiohttp-3.8.1-cp37-cp37m-musllinux_1_1_s390x.whl", hash = "sha256:07b05cd3305e8a73112103c834e91cd27ce5b4bd07850c4b4dbd1877d3f45be7"},
    {file = "aiohttp-3.8.1-cp37-cp37m-musllinux_1_1_x86_64.whl", hash = "sha256:c34dc4958b232ef6188c4318cb7b2c2d80521c9a56c52449f8f93ab7bc2a8a1c"},
    {file = "aiohttp-3.8.1-cp37-cp37m-win32.whl", hash = "sha256:d2f9b69293c33aaa53d923032fe227feac867f81682f002ce33ffae978f0a9a9"},
    {file = "aiohttp-3.8.1-cp37-cp37m-win_amd64.whl", hash = "sha256:6ae828d3a003f03ae31915c31fa684b9890ea44c9c989056fea96e3d12a9fa17"},
    {file = "aiohttp-3.8.1-cp38-cp38-macosx_10_9_universal2.whl", hash = "sha256:0c7ebbbde809ff4e970824b2b6cb7e4222be6b95a296e46c03cf050878fc1785"},
    {file = "aiohttp-3.8.1-cp38-cp38-macosx_10_9_x86_64.whl", hash = "sha256:8b7ef7cbd4fec9a1e811a5de813311ed4f7ac7d93e0fda233c9b3e1428f7dd7b"},
    {file = "aiohttp-3.8.1-cp38-cp38-macosx_11_0_arm64.whl", hash = "sha256:c3d6a4d0619e09dcd61021debf7059955c2004fa29f48788a3dfaf9c9901a7cd"},
    {file = "aiohttp-3.8.1-cp38-cp38-manylinux_2_17_aarch64.manylinux2014_aarch64.whl", hash = "sha256:718626a174e7e467f0558954f94af117b7d4695d48eb980146016afa4b580b2e"},
    {file = "aiohttp-3.8.1-cp38-cp38-manylinux_2_17_ppc64le.manylinux2014_ppc64le.whl", hash = "sha256:589c72667a5febd36f1315aa6e5f56dd4aa4862df295cb51c769d16142ddd7cd"},
    {file = "aiohttp-3.8.1-cp38-cp38-manylinux_2_17_s390x.manylinux2014_s390x.whl", hash = "sha256:2ed076098b171573161eb146afcb9129b5ff63308960aeca4b676d9d3c35e700"},
    {file = "aiohttp-3.8.1-cp38-cp38-manylinux_2_5_i686.manylinux1_i686.manylinux_2_12_i686.manylinux2010_i686.whl", hash = "sha256:086f92daf51a032d062ec5f58af5ca6a44d082c35299c96376a41cbb33034675"},
    {file = "aiohttp-3.8.1-cp38-cp38-manylinux_2_5_x86_64.manylinux1_x86_64.manylinux_2_12_x86_64.manylinux2010_x86_64.whl", hash = "sha256:11691cf4dc5b94236ccc609b70fec991234e7ef8d4c02dd0c9668d1e486f5abf"},
    {file = "aiohttp-3.8.1-cp38-cp38-musllinux_1_1_aarch64.whl", hash = "sha256:31d1e1c0dbf19ebccbfd62eff461518dcb1e307b195e93bba60c965a4dcf1ba0"},
    {file = "aiohttp-3.8.1-cp38-cp38-musllinux_1_1_i686.whl", hash = "sha256:11a67c0d562e07067c4e86bffc1553f2cf5b664d6111c894671b2b8712f3aba5"},
    {file = "aiohttp-3.8.1-cp38-cp38-musllinux_1_1_ppc64le.whl", hash = "sha256:bb01ba6b0d3f6c68b89fce7305080145d4877ad3acaed424bae4d4ee75faa950"},
    {file = "aiohttp-3.8.1-cp38-cp38-musllinux_1_1_s390x.whl", hash = "sha256:44db35a9e15d6fe5c40d74952e803b1d96e964f683b5a78c3cc64eb177878155"},
    {file = "aiohttp-3.8.1-cp38-cp38-musllinux_1_1_x86_64.whl", hash = "sha256:844a9b460871ee0a0b0b68a64890dae9c415e513db0f4a7e3cab41a0f2fedf33"},
    {file = "aiohttp-3.8.1-cp38-cp38-win32.whl", hash = "sha256:7d08744e9bae2ca9c382581f7dce1273fe3c9bae94ff572c3626e8da5b193c6a"},
    {file = "aiohttp-3.8.1-cp38-cp38-win_amd64.whl", hash = "sha256:04d48b8ce6ab3cf2097b1855e1505181bdd05586ca275f2505514a6e274e8e75"},
    {file = "aiohttp-3.8.1-cp39-cp39-macosx_10_9_universal2.whl", hash = "sha256:f5315a2eb0239185af1bddb1abf472d877fede3cc8d143c6cddad37678293237"},
    {file = "aiohttp-3.8.1-cp39-cp39-macosx_10_9_x86_64.whl", hash = "sha256:a996d01ca39b8dfe77440f3cd600825d05841088fd6bc0144cc6c2ec14cc5f74"},
    {file = "aiohttp-3.8.1-cp39-cp39-macosx_11_0_arm64.whl", hash = "sha256:13487abd2f761d4be7c8ff9080de2671e53fff69711d46de703c310c4c9317ca"},
    {file = "aiohttp-3.8.1-cp39-cp39-manylinux_2_17_aarch64.manylinux2014_aarch64.whl", hash = "sha256:ea302f34477fda3f85560a06d9ebdc7fa41e82420e892fc50b577e35fc6a50b2"},
    {file = "aiohttp-3.8.1-cp39-cp39-manylinux_2_17_ppc64le.manylinux2014_ppc64le.whl", hash = "sha256:a2f635ce61a89c5732537a7896b6319a8fcfa23ba09bec36e1b1ac0ab31270d2"},
    {file = "aiohttp-3.8.1-cp39-cp39-manylinux_2_17_s390x.manylinux2014_s390x.whl", hash = "sha256:e999f2d0e12eea01caeecb17b653f3713d758f6dcc770417cf29ef08d3931421"},
    {file = "aiohttp-3.8.1-cp39-cp39-manylinux_2_5_i686.manylinux1_i686.manylinux_2_12_i686.manylinux2010_i686.whl", hash = "sha256:0770e2806a30e744b4e21c9d73b7bee18a1cfa3c47991ee2e5a65b887c49d5cf"},
    {file = "aiohttp-3.8.1-cp39-cp39-manylinux_2_5_x86_64.manylinux1_x86_64.manylinux_2_12_x86_64.manylinux2010_x86_64.whl", hash = "sha256:d15367ce87c8e9e09b0f989bfd72dc641bcd04ba091c68cd305312d00962addd"},
    {file = "aiohttp-3.8.1-cp39-cp39-musllinux_1_1_aarch64.whl", hash = "sha256:6c7cefb4b0640703eb1069835c02486669312bf2f12b48a748e0a7756d0de33d"},
    {file = "aiohttp-3.8.1-cp39-cp39-musllinux_1_1_i686.whl", hash = "sha256:71927042ed6365a09a98a6377501af5c9f0a4d38083652bcd2281a06a5976724"},
    {file = "aiohttp-3.8.1-cp39-cp39-musllinux_1_1_ppc64le.whl", hash = "sha256:28d490af82bc6b7ce53ff31337a18a10498303fe66f701ab65ef27e143c3b0ef"},
    {file = "aiohttp-3.8.1-cp39-cp39-musllinux_1_1_s390x.whl", hash = "sha256:b6613280ccedf24354406caf785db748bebbddcf31408b20c0b48cb86af76866"},
    {file = "aiohttp-3.8.1-cp39-cp39-musllinux_1_1_x86_64.whl", hash = "sha256:81e3d8c34c623ca4e36c46524a3530e99c0bc95ed068fd6e9b55cb721d408fb2"},
    {file = "aiohttp-3.8.1-cp39-cp39-win32.whl", hash = "sha256:7187a76598bdb895af0adbd2fb7474d7f6025d170bc0a1130242da817ce9e7d1"},
    {file = "aiohttp-3.8.1-cp39-cp39-win_amd64.whl", hash = "sha256:1c182cb873bc91b411e184dab7a2b664d4fea2743df0e4d57402f7f3fa644bac"},
    {file = "aiohttp-3.8.1.tar.gz", hash = "sha256:fc5471e1a54de15ef71c1bc6ebe80d4dc681ea600e68bfd1cbce40427f0b7578"},
]
aiosignal = [
    {file = "aiosignal-1.2.0-py3-none-any.whl", hash = "sha256:26e62109036cd181df6e6ad646f91f0dcfd05fe16d0cb924138ff2ab75d64e3a"},
    {file = "aiosignal-1.2.0.tar.gz", hash = "sha256:78ed67db6c7b7ced4f98e495e572106d5c432a93e1ddd1bf475e1dc05f5b7df2"},
]
asn1crypto = [
    {file = "asn1crypto-1.5.1-py2.py3-none-any.whl", hash = "sha256:db4e40728b728508912cbb3d44f19ce188f218e9eba635821bb4b68564f8fd67"},
    {file = "asn1crypto-1.5.1.tar.gz", hash = "sha256:13ae38502be632115abf8a24cbe5f4da52e3b5231990aff31123c805306ccb9c"},
]
async-timeout = [
    {file = "async-timeout-4.0.2.tar.gz", hash = "sha256:2163e1640ddb52b7a8c80d0a67a08587e5d245cc9c553a74a847056bc2976b15"},
    {file = "async_timeout-4.0.2-py3-none-any.whl", hash = "sha256:8ca1e4fcf50d07413d66d1a5e416e42cfdf5851c981d679a09851a6853383b3c"},
]
attrs = []
awswrangler = []
backoff = [
    {file = "backoff-2.1.2-py3-none-any.whl", hash = "sha256:b135e6d7c7513ba2bfd6895bc32bc8c66c6f3b0279b4c6cd866053cfd7d3126b"},
    {file = "backoff-2.1.2.tar.gz", hash = "sha256:407f1bc0f22723648a8880821b935ce5df8475cf04f7b6b5017ae264d30f6069"},
]
beautifulsoup4 = [
    {file = "beautifulsoup4-4.11.1-py3-none-any.whl", hash = "sha256:58d5c3d29f5a36ffeb94f02f0d786cd53014cf9b3b3951d42e0080d8a9498d30"},
    {file = "beautifulsoup4-4.11.1.tar.gz", hash = "sha256:ad9aa55b65ef2808eb405f46cf74df7fcb7044d5cbc26487f96eb2ef2e436693"},
]
boto3 = []
botocore = []
certifi = []
charset-normalizer = [
    {file = "charset-normalizer-2.0.12.tar.gz", hash = "sha256:2857e29ff0d34db842cd7ca3230549d1a697f96ee6d3fb071cfa6c7393832597"},
    {file = "charset_normalizer-2.0.12-py3-none-any.whl", hash = "sha256:6881edbebdb17b39b4eaaa821b438bf6eddffb4468cf344f09f89def34a8b1df"},
]
decorator = [
    {file = "decorator-5.1.1-py3-none-any.whl", hash = "sha256:b8c3f85900b9dc423225913c5aace94729fe1fa9763b38939a95226f02d37186"},
    {file = "decorator-5.1.1.tar.gz", hash = "sha256:637996211036b6385ef91435e4fae22989472f9d571faba8927ba8253acbc330"},
]
et-xmlfile = [
    {file = "et_xmlfile-1.1.0-py3-none-any.whl", hash = "sha256:a2ba85d1d6a74ef63837eed693bcb89c3f752169b0e3e7ae5b16ca5e1b3deada"},
    {file = "et_xmlfile-1.1.0.tar.gz", hash = "sha256:8eb9e2bc2f8c97e37a2dc85a09ecdcdec9d8a396530a6d5a33b30b9a92da0c5c"},
]
frozenlist = []
gremlinpython = []
idna = []
isodate = [
    {file = "isodate-0.6.1-py2.py3-none-any.whl", hash = "sha256:0751eece944162659049d35f4f549ed815792b38793f07cf73381c1c87cbed96"},
    {file = "isodate-0.6.1.tar.gz", hash = "sha256:48c5881de7e8b0a0d648cb024c8062dc84e7b840ed81e864c7614fd3c127bde9"},
]
jmespath = [
    {file = "jmespath-1.0.1-py3-none-any.whl", hash = "sha256:02e2e4cc71b5bcab88332eebf907519190dd9e6e82107fa7f83b1003a6252980"},
    {file = "jmespath-1.0.1.tar.gz", hash = "sha256:90261b206d6defd58fdd5e85f478bf633a2901798906be2ad389150c5c60edbe"},
]
jsonpath-ng = [
    {file = "jsonpath-ng-1.5.3.tar.gz", hash = "sha256:a273b182a82c1256daab86a313b937059261b5c5f8c4fa3fc38b882b344dd567"},
    {file = "jsonpath_ng-1.5.3-py2-none-any.whl", hash = "sha256:f75b95dbecb8a0f3b86fd2ead21c2b022c3f5770957492b9b6196ecccfeb10aa"},
    {file = "jsonpath_ng-1.5.3-py3-none-any.whl", hash = "sha256:292a93569d74029ba75ac2dc3d3630fc0e17b2df26119a165fa1d498ca47bf65"},
]
lxml = []
multidict = [
    {file = "multidict-6.0.2-cp310-cp310-macosx_10_9_universal2.whl", hash = "sha256:0b9e95a740109c6047602f4db4da9949e6c5945cefbad34a1299775ddc9a62e2"},
    {file = "multidict-6.0.2-cp310-cp310-macosx_10_9_x86_64.whl", hash = "sha256:ac0e27844758d7177989ce406acc6a83c16ed4524ebc363c1f748cba184d89d3"},
    {file = "multidict-6.0.2-cp310-cp310-macosx_11_0_arm64.whl", hash = "sha256:041b81a5f6b38244b34dc18c7b6aba91f9cdaf854d9a39e5ff0b58e2b5773b9c"},
    {file = "multidict-6.0.2-cp310-cp310-manylinux_2_17_aarch64.manylinux2014_aarch64.whl", hash = "sha256:5fdda29a3c7e76a064f2477c9aab1ba96fd94e02e386f1e665bca1807fc5386f"},
    {file = "multidict-6.0.2-cp310-cp310-manylinux_2_17_ppc64le.manylinux2014_ppc64le.whl", hash = "sha256:3368bf2398b0e0fcbf46d85795adc4c259299fec50c1416d0f77c0a843a3eed9"},
    {file = "multidict-6.0.2-cp310-cp310-manylinux_2_17_s390x.manylinux2014_s390x.whl", hash = "sha256:f4f052ee022928d34fe1f4d2bc743f32609fb79ed9c49a1710a5ad6b2198db20"},
    {file = "multidict-6.0.2-cp310-cp310-manylinux_2_17_x86_64.manylinux2014_x86_64.whl", hash = "sha256:225383a6603c086e6cef0f2f05564acb4f4d5f019a4e3e983f572b8530f70c88"},
    {file = "multidict-6.0.2-cp310-cp310-manylinux_2_5_i686.manylinux1_i686.manylinux_2_17_i686.manylinux2014_i686.whl", hash = "sha256:50bd442726e288e884f7be9071016c15a8742eb689a593a0cac49ea093eef0a7"},
    {file = "multidict-6.0.2-cp310-cp310-musllinux_1_1_aarch64.whl", hash = "sha256:47e6a7e923e9cada7c139531feac59448f1f47727a79076c0b1ee80274cd8eee"},
    {file = "multidict-6.0.2-cp310-cp310-musllinux_1_1_i686.whl", hash = "sha256:0556a1d4ea2d949efe5fd76a09b4a82e3a4a30700553a6725535098d8d9fb672"},
    {file = "multidict-6.0.2-cp310-cp310-musllinux_1_1_ppc64le.whl", hash = "sha256:626fe10ac87851f4cffecee161fc6f8f9853f0f6f1035b59337a51d29ff3b4f9"},
    {file = "multidict-6.0.2-cp310-cp310-musllinux_1_1_s390x.whl", hash = "sha256:8064b7c6f0af936a741ea1efd18690bacfbae4078c0c385d7c3f611d11f0cf87"},
    {file = "multidict-6.0.2-cp310-cp310-musllinux_1_1_x86_64.whl", hash = "sha256:2d36e929d7f6a16d4eb11b250719c39560dd70545356365b494249e2186bc389"},
    {file = "multidict-6.0.2-cp310-cp310-win32.whl", hash = "sha256:fcb91630817aa8b9bc4a74023e4198480587269c272c58b3279875ed7235c293"},
    {file = "multidict-6.0.2-cp310-cp310-win_amd64.whl", hash = "sha256:8cbf0132f3de7cc6c6ce00147cc78e6439ea736cee6bca4f068bcf892b0fd658"},
    {file = "multidict-6.0.2-cp37-cp37m-macosx_10_9_x86_64.whl", hash = "sha256:05f6949d6169878a03e607a21e3b862eaf8e356590e8bdae4227eedadacf6e51"},
    {file = "multidict-6.0.2-cp37-cp37m-manylinux_2_17_aarch64.manylinux2014_aarch64.whl", hash = "sha256:e2c2e459f7050aeb7c1b1276763364884595d47000c1cddb51764c0d8976e608"},
    {file = "multidict-6.0.2-cp37-cp37m-manylinux_2_17_ppc64le.manylinux2014_ppc64le.whl", hash = "sha256:d0509e469d48940147e1235d994cd849a8f8195e0bca65f8f5439c56e17872a3"},
    {file = "multidict-6.0.2-cp37-cp37m-manylinux_2_17_s390x.manylinux2014_s390x.whl", hash = "sha256:514fe2b8d750d6cdb4712346a2c5084a80220821a3e91f3f71eec11cf8d28fd4"},
    {file = "multidict-6.0.2-cp37-cp37m-manylinux_2_17_x86_64.manylinux2014_x86_64.whl", hash = "sha256:19adcfc2a7197cdc3987044e3f415168fc5dc1f720c932eb1ef4f71a2067e08b"},
    {file = "multidict-6.0.2-cp37-cp37m-manylinux_2_5_i686.manylinux1_i686.manylinux_2_17_i686.manylinux2014_i686.whl", hash = "sha256:b9d153e7f1f9ba0b23ad1568b3b9e17301e23b042c23870f9ee0522dc5cc79e8"},
    {file = "multidict-6.0.2-cp37-cp37m-musllinux_1_1_aarch64.whl", hash = "sha256:aef9cc3d9c7d63d924adac329c33835e0243b5052a6dfcbf7732a921c6e918ba"},
    {file = "multidict-6.0.2-cp37-cp37m-musllinux_1_1_i686.whl", hash = "sha256:4571f1beddff25f3e925eea34268422622963cd8dc395bb8778eb28418248e43"},
    {file = "multidict-6.0.2-cp37-cp37m-musllinux_1_1_ppc64le.whl", hash = "sha256:d48b8ee1d4068561ce8033d2c344cf5232cb29ee1a0206a7b828c79cbc5982b8"},
    {file = "multidict-6.0.2-cp37-cp37m-musllinux_1_1_s390x.whl", hash = "sha256:45183c96ddf61bf96d2684d9fbaf6f3564d86b34cb125761f9a0ef9e36c1d55b"},
    {file = "multidict-6.0.2-cp37-cp37m-musllinux_1_1_x86_64.whl", hash = "sha256:75bdf08716edde767b09e76829db8c1e5ca9d8bb0a8d4bd94ae1eafe3dac5e15"},
    {file = "multidict-6.0.2-cp37-cp37m-win32.whl", hash = "sha256:a45e1135cb07086833ce969555df39149680e5471c04dfd6a915abd2fc3f6dbc"},
    {file = "multidict-6.0.2-cp37-cp37m-win_amd64.whl", hash = "sha256:6f3cdef8a247d1eafa649085812f8a310e728bdf3900ff6c434eafb2d443b23a"},
    {file = "multidict-6.0.2-cp38-cp38-macosx_10_9_universal2.whl", hash = "sha256:0327292e745a880459ef71be14e709aaea2f783f3537588fb4ed09b6c01bca60"},
    {file = "multidict-6.0.2-cp38-cp38-macosx_10_9_x86_64.whl", hash = "sha256:e875b6086e325bab7e680e4316d667fc0e5e174bb5611eb16b3ea121c8951b86"},
    {file = "multidict-6.0.2-cp38-cp38-macosx_11_0_arm64.whl", hash = "sha256:feea820722e69451743a3d56ad74948b68bf456984d63c1a92e8347b7b88452d"},
    {file = "multidict-6.0.2-cp38-cp38-manylinux_2_17_aarch64.manylinux2014_aarch64.whl", hash = "sha256:9cc57c68cb9139c7cd6fc39f211b02198e69fb90ce4bc4a094cf5fe0d20fd8b0"},
    {file = "multidict-6.0.2-cp38-cp38-manylinux_2_17_ppc64le.manylinux2014_ppc64le.whl", hash = "sha256:497988d6b6ec6ed6f87030ec03280b696ca47dbf0648045e4e1d28b80346560d"},
    {file = "multidict-6.0.2-cp38-cp38-manylinux_2_17_s390x.manylinux2014_s390x.whl", hash = "sha256:89171b2c769e03a953d5969b2f272efa931426355b6c0cb508022976a17fd376"},
    {file = "multidict-6.0.2-cp38-cp38-manylinux_2_17_x86_64.manylinux2014_x86_64.whl", hash = "sha256:684133b1e1fe91eda8fa7447f137c9490a064c6b7f392aa857bba83a28cfb693"},
    {file = "multidict-6.0.2-cp38-cp38-manylinux_2_5_i686.manylinux1_i686.manylinux_2_17_i686.manylinux2014_i686.whl", hash = "sha256:fd9fc9c4849a07f3635ccffa895d57abce554b467d611a5009ba4f39b78a8849"},
    {file = "multidict-6.0.2-cp38-cp38-musllinux_1_1_aarch64.whl", hash = "sha256:e07c8e79d6e6fd37b42f3250dba122053fddb319e84b55dd3a8d6446e1a7ee49"},
    {file = "multidict-6.0.2-cp38-cp38-musllinux_1_1_i686.whl", hash = "sha256:4070613ea2227da2bfb2c35a6041e4371b0af6b0be57f424fe2318b42a748516"},
    {file = "multidict-6.0.2-cp38-cp38-musllinux_1_1_ppc64le.whl", hash = "sha256:47fbeedbf94bed6547d3aa632075d804867a352d86688c04e606971595460227"},
    {file = "multidict-6.0.2-cp38-cp38-musllinux_1_1_s390x.whl", hash = "sha256:5774d9218d77befa7b70d836004a768fb9aa4fdb53c97498f4d8d3f67bb9cfa9"},
    {file = "multidict-6.0.2-cp38-cp38-musllinux_1_1_x86_64.whl", hash = "sha256:2957489cba47c2539a8eb7ab32ff49101439ccf78eab724c828c1a54ff3ff98d"},
    {file = "multidict-6.0.2-cp38-cp38-win32.whl", hash = "sha256:e5b20e9599ba74391ca0cfbd7b328fcc20976823ba19bc573983a25b32e92b57"},
    {file = "multidict-6.0.2-cp38-cp38-win_amd64.whl", hash = "sha256:8004dca28e15b86d1b1372515f32eb6f814bdf6f00952699bdeb541691091f96"},
    {file = "multidict-6.0.2-cp39-cp39-macosx_10_9_universal2.whl", hash = "sha256:2e4a0785b84fb59e43c18a015ffc575ba93f7d1dbd272b4cdad9f5134b8a006c"},
    {file = "multidict-6.0.2-cp39-cp39-macosx_10_9_x86_64.whl", hash = "sha256:6701bf8a5d03a43375909ac91b6980aea74b0f5402fbe9428fc3f6edf5d9677e"},
    {file = "multidict-6.0.2-cp39-cp39-macosx_11_0_arm64.whl", hash = "sha256:a007b1638e148c3cfb6bf0bdc4f82776cef0ac487191d093cdc316905e504071"},
    {file = "multidict-6.0.2-cp39-cp39-manylinux_2_17_aarch64.manylinux2014_aarch64.whl", hash = "sha256:07a017cfa00c9890011628eab2503bee5872f27144936a52eaab449be5eaf032"},
    {file = "multidict-6.0.2-cp39-cp39-manylinux_2_17_ppc64le.manylinux2014_ppc64le.whl", hash = "sha256:c207fff63adcdf5a485969131dc70e4b194327666b7e8a87a97fbc4fd80a53b2"},
    {file = "multidict-6.0.2-cp39-cp39-manylinux_2_17_s390x.manylinux2014_s390x.whl", hash = "sha256:373ba9d1d061c76462d74e7de1c0c8e267e9791ee8cfefcf6b0b2495762c370c"},
    {file = "multidict-6.0.2-cp39-cp39-manylinux_2_17_x86_64.manylinux2014_x86_64.whl", hash = "sha256:bfba7c6d5d7c9099ba21f84662b037a0ffd4a5e6b26ac07d19e423e6fdf965a9"},
    {file = "multidict-6.0.2-cp39-cp39-manylinux_2_5_i686.manylinux1_i686.manylinux_2_17_i686.manylinux2014_i686.whl", hash = "sha256:19d9bad105dfb34eb539c97b132057a4e709919ec4dd883ece5838bcbf262b80"},
    {file = "multidict-6.0.2-cp39-cp39-musllinux_1_1_aarch64.whl", hash = "sha256:de989b195c3d636ba000ee4281cd03bb1234635b124bf4cd89eeee9ca8fcb09d"},
    {file = "multidict-6.0.2-cp39-cp39-musllinux_1_1_i686.whl", hash = "sha256:7c40b7bbece294ae3a87c1bc2abff0ff9beef41d14188cda94ada7bcea99b0fb"},
    {file = "multidict-6.0.2-cp39-cp39-musllinux_1_1_ppc64le.whl", hash = "sha256:d16cce709ebfadc91278a1c005e3c17dd5f71f5098bfae1035149785ea6e9c68"},
    {file = "multidict-6.0.2-cp39-cp39-musllinux_1_1_s390x.whl", hash = "sha256:a2c34a93e1d2aa35fbf1485e5010337c72c6791407d03aa5f4eed920343dd360"},
    {file = "multidict-6.0.2-cp39-cp39-musllinux_1_1_x86_64.whl", hash = "sha256:feba80698173761cddd814fa22e88b0661e98cb810f9f986c54aa34d281e4937"},
    {file = "multidict-6.0.2-cp39-cp39-win32.whl", hash = "sha256:23b616fdc3c74c9fe01d76ce0d1ce872d2d396d8fa8e4899398ad64fb5aa214a"},
    {file = "multidict-6.0.2-cp39-cp39-win_amd64.whl", hash = "sha256:4bae31803d708f6f15fd98be6a6ac0b6958fcf68fda3c77a048a4f9073704aae"},
    {file = "multidict-6.0.2.tar.gz", hash = "sha256:5ff3bd75f38e4c43f1f470f2df7a4d430b821c4ce22be384e1459cb57d6bb013"},
]
nest-asyncio = [
    {file = "nest_asyncio-1.5.5-py3-none-any.whl", hash = "sha256:b98e3ec1b246135e4642eceffa5a6c23a3ab12c82ff816a92c612d68205813b2"},
    {file = "nest_asyncio-1.5.5.tar.gz", hash = "sha256:e442291cd942698be619823a17a86a5759eabe1f8613084790de189fe9e16d65"},
]
numpy = []
openpyxl = [
    {file = "openpyxl-3.0.10-py2.py3-none-any.whl", hash = "sha256:0ab6d25d01799f97a9464630abacbb34aafecdcaa0ef3cba6d6b3499867d0355"},
    {file = "openpyxl-3.0.10.tar.gz", hash = "sha256:e47805627aebcf860edb4edf7987b1309c1b3632f3750538ed962bbcc3bd7449"},
]
opensearch-py = []
packaging = [
    {file = "packaging-21.3-py3-none-any.whl", hash = "sha256:ef103e05f519cdc783ae24ea4e2e0f508a9c99b2d4969652eed6a2e1ea5bd522"},
    {file = "packaging-21.3.tar.gz", hash = "sha256:dd47c42927d89ab911e606518907cc2d3a1f38bbd026385970643f9c5b8ecfeb"},
]
pandas = []
pg8000 = [
    {file = "pg8000-1.29.1-py3-none-any.whl", hash = "sha256:d9a21291ecf74ee626e704c690f2e5ccbaa3fd656be202673f13f39fe1b7029f"},
    {file = "pg8000-1.29.1.tar.gz", hash = "sha256:80b4f4de4b0254832b7948511e0dd46342d1c0446ccd4fdd892b63d02e4fbc7b"},
]
ply = [
    {file = "ply-3.11-py2.py3-none-any.whl", hash = "sha256:096f9b8350b65ebd2fd1346b12452efe5b9607f7482813ffca50c22722a807ce"},
    {file = "ply-3.11.tar.gz", hash = "sha256:00c7c1aaa88358b9c765b6d3000c6eec0ba42abca5351b095321aef446081da3"},
]
progressbar2 = [
    {file = "progressbar2-4.0.0-py2.py3-none-any.whl", hash = "sha256:2562ba3e554433f08e81fb7b786208b19de135f3ca1c5da1787d9b05558e6247"},
    {file = "progressbar2-4.0.0.tar.gz", hash = "sha256:14d3165a1781d053ffaa117daf27cc706128d2ec1d2977fdb05b6bb079888013"},
]
pyarrow = [
    {file = "pyarrow-8.0.0-cp310-cp310-macosx_10_13_universal2.whl", hash = "sha256:d5ef4372559b191cafe7db8932801eee252bfc35e983304e7d60b6954576a071"},
    {file = "pyarrow-8.0.0-cp310-cp310-macosx_10_13_x86_64.whl", hash = "sha256:863be6bad6c53797129610930794a3e797cb7d41c0a30e6794a2ac0e42ce41b8"},
    {file = "pyarrow-8.0.0-cp310-cp310-macosx_10_9_x86_64.whl", hash = "sha256:69b043a3fce064ebd9fbae6abc30e885680296e5bd5e6f7353e6a87966cf2ad7"},
    {file = "pyarrow-8.0.0-cp310-cp310-macosx_11_0_arm64.whl", hash = "sha256:51e58778fcb8829fca37fbfaea7f208d5ce7ea89ea133dd13d8ce745278ee6f0"},
    {file = "pyarrow-8.0.0-cp310-cp310-manylinux_2_12_x86_64.manylinux2010_x86_64.whl", hash = "sha256:15511ce2f50343f3fd5e9f7c30e4d004da9134e9597e93e9c96c3985928cbe82"},
    {file = "pyarrow-8.0.0-cp310-cp310-manylinux_2_17_aarch64.manylinux2014_aarch64.whl", hash = "sha256:ea132067ec712d1b1116a841db1c95861508862b21eddbcafefbce8e4b96b867"},
    {file = "pyarrow-8.0.0-cp310-cp310-manylinux_2_17_x86_64.manylinux2014_x86_64.whl", hash = "sha256:deb400df8f19a90b662babceb6dd12daddda6bb357c216e558b207c0770c7654"},
    {file = "pyarrow-8.0.0-cp310-cp310-win_amd64.whl", hash = "sha256:3bd201af6e01f475f02be88cf1f6ee9856ab98c11d8bbb6f58347c58cd07be00"},
    {file = "pyarrow-8.0.0-cp37-cp37m-macosx_10_13_x86_64.whl", hash = "sha256:78a6ac39cd793582998dac88ab5c1c1dd1e6503df6672f064f33a21937ec1d8d"},
    {file = "pyarrow-8.0.0-cp37-cp37m-macosx_10_9_x86_64.whl", hash = "sha256:d6f1e1040413651819074ef5b500835c6c42e6c446532a1ddef8bc5054e8dba5"},
    {file = "pyarrow-8.0.0-cp37-cp37m-manylinux_2_12_x86_64.manylinux2010_x86_64.whl", hash = "sha256:98c13b2e28a91b0fbf24b483df54a8d7814c074c2623ecef40dce1fa52f6539b"},
    {file = "pyarrow-8.0.0-cp37-cp37m-manylinux_2_17_aarch64.manylinux2014_aarch64.whl", hash = "sha256:c9c97c8e288847e091dfbcdf8ce51160e638346f51919a9e74fe038b2e8aee62"},
    {file = "pyarrow-8.0.0-cp37-cp37m-manylinux_2_17_x86_64.manylinux2014_x86_64.whl", hash = "sha256:edad25522ad509e534400d6ab98cf1872d30c31bc5e947712bfd57def7af15bb"},
    {file = "pyarrow-8.0.0-cp37-cp37m-win_amd64.whl", hash = "sha256:ece333706a94c1221ced8b299042f85fd88b5db802d71be70024433ddf3aecab"},
    {file = "pyarrow-8.0.0-cp38-cp38-macosx_10_13_x86_64.whl", hash = "sha256:95c7822eb37663e073da9892f3499fe28e84f3464711a3e555e0c5463fd53a19"},
    {file = "pyarrow-8.0.0-cp38-cp38-macosx_10_9_x86_64.whl", hash = "sha256:25a5f7c7f36df520b0b7363ba9f51c3070799d4b05d587c60c0adaba57763479"},
    {file = "pyarrow-8.0.0-cp38-cp38-macosx_11_0_arm64.whl", hash = "sha256:ce64bc1da3109ef5ab9e4c60316945a7239c798098a631358e9ab39f6e5529e9"},
    {file = "pyarrow-8.0.0-cp38-cp38-manylinux_2_12_x86_64.manylinux2010_x86_64.whl", hash = "sha256:541e7845ce5f27a861eb5b88ee165d931943347eec17b9ff1e308663531c9647"},
    {file = "pyarrow-8.0.0-cp38-cp38-manylinux_2_17_aarch64.manylinux2014_aarch64.whl", hash = "sha256:8cd86e04a899bef43e25184f4b934584861d787cf7519851a8c031803d45c6d8"},
    {file = "pyarrow-8.0.0-cp38-cp38-manylinux_2_17_x86_64.manylinux2014_x86_64.whl", hash = "sha256:ba2b7aa7efb59156b87987a06f5241932914e4d5bbb74a465306b00a6c808849"},
    {file = "pyarrow-8.0.0-cp38-cp38-win_amd64.whl", hash = "sha256:42b7982301a9ccd06e1dd4fabd2e8e5df74b93ce4c6b87b81eb9e2d86dc79871"},
    {file = "pyarrow-8.0.0-cp39-cp39-macosx_10_13_universal2.whl", hash = "sha256:1dd482ccb07c96188947ad94d7536ab696afde23ad172df8e18944ec79f55055"},
    {file = "pyarrow-8.0.0-cp39-cp39-macosx_10_13_x86_64.whl", hash = "sha256:81b87b782a1366279411f7b235deab07c8c016e13f9af9f7c7b0ee564fedcc8f"},
    {file = "pyarrow-8.0.0-cp39-cp39-macosx_10_9_x86_64.whl", hash = "sha256:03a10daad957970e914920b793f6a49416699e791f4c827927fd4e4d892a5d16"},
    {file = "pyarrow-8.0.0-cp39-cp39-macosx_11_0_arm64.whl", hash = "sha256:65c7f4cc2be195e3db09296d31a654bb6d8786deebcab00f0e2455fd109d7456"},
    {file = "pyarrow-8.0.0-cp39-cp39-manylinux_2_12_x86_64.manylinux2010_x86_64.whl", hash = "sha256:3fee786259d986f8c046100ced54d63b0c8c9f7cdb7d1bbe07dc69e0f928141c"},
    {file = "pyarrow-8.0.0-cp39-cp39-manylinux_2_17_aarch64.manylinux2014_aarch64.whl", hash = "sha256:6ea2c54e6b5ecd64e8299d2abb40770fe83a718f5ddc3825ddd5cd28e352cce1"},
    {file = "pyarrow-8.0.0-cp39-cp39-manylinux_2_17_x86_64.manylinux2014_x86_64.whl", hash = "sha256:8392b9a1e837230090fe916415ed4c3433b2ddb1a798e3f6438303c70fbabcfc"},
    {file = "pyarrow-8.0.0-cp39-cp39-win_amd64.whl", hash = "sha256:cb06cacc19f3b426681f2f6803cc06ff481e7fe5b3a533b406bc5b2138843d4f"},
    {file = "pyarrow-8.0.0.tar.gz", hash = "sha256:4a18a211ed888f1ac0b0ebcb99e2d9a3e913a481120ee9b1fe33d3fedb945d4e"},
]
pymysql = [
    {file = "PyMySQL-1.0.2-py3-none-any.whl", hash = "sha256:41fc3a0c5013d5f039639442321185532e3e2c8924687abe6537de157d403641"},
    {file = "PyMySQL-1.0.2.tar.gz", hash = "sha256:816927a350f38d56072aeca5dfb10221fe1dc653745853d30a216637f5d7ad36"},
]
pyparsing = [
    {file = "pyparsing-3.0.9-py3-none-any.whl", hash = "sha256:5026bae9a10eeaefb61dab2f09052b9f4307d44aee4eda64b309723d8d206bbc"},
    {file = "pyparsing-3.0.9.tar.gz", hash = "sha256:2b020ecf7d21b687f219b71ecad3631f644a47f01403fa1d1036b0c6416d70fb"},
]
python-dateutil = [
    {file = "python-dateutil-2.8.2.tar.gz", hash = "sha256:0123cacc1627ae19ddf3c27a5de5bd67ee4586fbdd6440d9748f8abb483d3e86"},
    {file = "python_dateutil-2.8.2-py2.py3-none-any.whl", hash = "sha256:961d03dc3453ebbc59dbdea9e4e11c5651520a876d0f4db161e8674aae935da9"},
]
python-utils = [
    {file = "python-utils-3.3.3.tar.gz", hash = "sha256:3b1c8b706e40e91280eec5fa72ea730880a166cee99afa5555b863d55664478d"},
    {file = "python_utils-3.3.3-py2.py3-none-any.whl", hash = "sha256:5cb9cf295018202fb4d6abdd694a33a7f08bc0ce1bf1eab8cce80ab2cde35c07"},
]
pytz = [
    {file = "pytz-2022.1-py2.py3-none-any.whl", hash = "sha256:e68985985296d9a66a881eb3193b0906246245294a881e7c8afe623866ac6a5c"},
    {file = "pytz-2022.1.tar.gz", hash = "sha256:1e760e2fe6a8163bc0b3d9a19c4f84342afa0a2affebfaa84b01b978a02ecaa7"},
]
redshift-connector = []
requests = [
    {file = "requests-2.28.0-py3-none-any.whl", hash = "sha256:bc7861137fbce630f17b03d3ad02ad0bf978c844f3536d0edda6499dafce2b6f"},
    {file = "requests-2.28.0.tar.gz", hash = "sha256:d568723a7ebd25875d8d1eaf5dfa068cd2fc8194b2e483d7b1f7c81918dbec6b"},
]
requests-aws4auth = [
    {file = "requests-aws4auth-1.1.2.tar.gz", hash = "sha256:ebde0662dccda5023546055ec4cbe4470cae017ecbfce8d368b80b5e4a94d619"},
    {file = "requests_aws4auth-1.1.2-py2.py3-none-any.whl", hash = "sha256:23b7a054326f80f86caf87e3eaf54ea41aa27adbed4297bd3456b1fa38f06a52"},
]
s3transfer = [
    {file = "s3transfer-0.6.0-py3-none-any.whl", hash = "sha256:06176b74f3a15f61f1b4f25a1fc29a4429040b7647133a463da8fa5bd28d5ecd"},
    {file = "s3transfer-0.6.0.tar.gz", hash = "sha256:2ed07d3866f523cc561bf4a00fc5535827981b117dd7876f036b0c1aca42c947"},
]
scramp = [
    {file = "scramp-1.4.1-py3-none-any.whl", hash = "sha256:93c9cc2ffe54a451e02981c07a5a23cbd830701102789939cfb4ff91efd6ca8c"},
    {file = "scramp-1.4.1.tar.gz", hash = "sha256:f964801077be9be2a1416ffe255d2d78834b3d9d5c8ce5d28f76a856f209f70e"},
]
six = [
    {file = "six-1.16.0-py2.py3-none-any.whl", hash = "sha256:8abb2f1d86890a2dfb989f9a77cfcfd3e47c2a354b01111771326f8aa26e0254"},
    {file = "six-1.16.0.tar.gz", hash = "sha256:1e61c37477a1626458e36f7b1d82aa5c9b094fa4802892072e49de9c60c4c926"},
]
soupsieve = [
    {file = "soupsieve-2.3.2.post1-py3-none-any.whl", hash = "sha256:3b2503d3c7084a42b1ebd08116e5f81aadfaea95863628c80a3b774a11b7c759"},
    {file = "soupsieve-2.3.2.post1.tar.gz", hash = "sha256:fc53893b3da2c33de295667a0e19f078c14bf86544af307354de5fcf12a3f30d"},
]
urllib3 = []
yarl = []
